PODS:
  - FlutterMacOS (1.0.0)
  - rust_lib_matrix_messenger (0.0.1):
    - FlutterMacOS

DEPENDENCIES:
  - FlutterMacOS (from `Flutter/ephemeral`)
  - rust_lib_matrix_messenger (from `Flutter/ephemeral/.symlinks/plugins/rust_lib_matrix_messenger/macos`)

EXTERNAL SOURCES:
  FlutterMacOS:
    :path: Flutter/ephemeral
  rust_lib_matrix_messenger:
    :path: Flutter/ephemeral/.symlinks/plugins/rust_lib_matrix_messenger/macos

SPEC CHECKSUMS:
  FlutterMacOS: c232990155153907050900a2e175c7773903ba4e
  rust_lib_matrix_messenger: d111133feeccb06795988531ba798ecb74ceed07

PODFILE CHECKSUM: 1e95c36afbfd1cb6423ceca4de7a8e1b256fb6ac

COCOAPODS: 1.17.0
